Microsoft Visual Studio Solution File, Format Version 12.00
# Visual Studio Version 17
VisualStudioVersion = 17.5.2.0
MinimumVisualStudioVersion = 10.0.40219.1
Project("{FAE04EC0-301F-11D3-BF4B-00C04F79EFBC}") = "BowlingGame.API", "BowlingGame.API.csproj", "{9EB8D95E-5701-3740-5D59-37A90641899A}"
EndProject
Project("{2150E333-8FDC-42A3-9474-1A3956D46DE8}") = "Tests", "Tests", "{0AB3BF05-4346-4AA6-1389-037BE0695223}"
EndProject
Project("{FAE04EC0-301F-11D3-BF4B-00C04F79EFBC}") = "BowlingGame.Tests", "Tests\BowlingGame.Tests.csproj", "{AA8EB6DF-D8B2-2508-C5F3-9A0453E8D508}"
EndProject
Global
	GlobalSection(SolutionConfigurationPlatforms) = preSolution
		Debug|Any CPU = Debug|Any CPU
		Release|Any CPU = Release|Any CPU
	EndGlobalSection
	GlobalSection(ProjectConfigurationPlatforms) = postSolution
		{9EB8D95E-5701-3740-5D59-37A90641899A}.Debug|Any CPU.ActiveCfg = Debug|Any CPU
		{9EB8D95E-5701-3740-5D59-37A90641899A}.Debug|Any CPU.Build.0 = Debug|Any CPU
		{9EB8D95E-5701-3740-5D59-37A90641899A}.Release|Any CPU.ActiveCfg = Release|Any CPU
		{9EB8D95E-5701-3740-5D59-37A90641899A}.Release|Any CPU.Build.0 = Release|Any CPU
		{AA8EB6DF-D8B2-2508-C5F3-9A0453E8D508}.Debug|Any CPU.ActiveCfg = Debug|Any CPU
		{AA8EB6DF-D8B2-2508-C5F3-9A0453E8D508}.Debug|Any CPU.Build.0 = Debug|Any CPU
		{AA8EB6DF-D8B2-2508-C5F3-9A0453E8D508}.Release|Any CPU.ActiveCfg = Release|Any CPU
		{AA8EB6DF-D8B2-2508-C5F3-9A0453E8D508}.Release|Any CPU.Build.0 = Release|Any CPU
	EndGlobalSection
	GlobalSection(SolutionProperties) = preSolution
		HideSolutionNode = FALSE
	EndGlobalSection
	GlobalSection(NestedProjects) = preSolution
		{AA8EB6DF-D8B2-2508-C5F3-9A0453E8D508} = {0AB3BF05-4346-4AA6-1389-037BE0695223}
	EndGlobalSection
	GlobalSection(ExtensibilityGlobals) = postSolution
		SolutionGuid = {33C56016-D6AF-4C2E-908E-5C021D9AB43F}
	EndGlobalSection
EndGlobal
